// !$*UTF8*$!
{
	archiveVersion = 1;
	classes = {
	};
	objectVersion = 51;
	objects = {

/* Begin PBXBuildFile section */
		3F1428D924939C4A0000202D /* ResultConvertible.swift in Sources */ = {isa = PBXBuildFile; fileRef = 3F1428D824939C4A0000202D /* ResultConvertible.swift */; };
		3F1428DB24939C750000202D /* Error+Asserts.swift in Sources */ = {isa = PBXBuildFile; fileRef = 3F1428DA24939C750000202D /* Error+Asserts.swift */; };
		3F1428DD2493A02E0000202D /* APISerivce.swift in Sources */ = {isa = PBXBuildFile; fileRef = 3F1428DC2493A02E0000202D /* APISerivce.swift */; };
		3F1428EC2493C59F0000202D /* Loadable.swift in Sources */ = {isa = PBXBuildFile; fileRef = 3F1428EB2493C59F0000202D /* Loadable.swift */; };
		3F1428EF2493C5C70000202D /* ReadOnlyVariable.swift in Sources */ = {isa = PBXBuildFile; fileRef = 3F1428EE2493C5C70000202D /* ReadOnlyVariable.swift */; };
		3F1428F22493D6040000202D /* MovieCell.swift in Sources */ = {isa = PBXBuildFile; fileRef = 3F1428F12493D6040000202D /* MovieCell.swift */; };
		3F8F0E432440D21400F9E51D /* ObservableType+Extensions.swift in Sources */ = {isa = PBXBuildFile; fileRef = 3F8F0E422440D21400F9E51D /* ObservableType+Extensions.swift */; };
		3FD1F90A2440A5C500803AB7 /* AppDelegate.swift in Sources */ = {isa = PBXBuildFile; fileRef = 3FD1F9092440A5C500803AB7 /* AppDelegate.swift */; };
		3FD1F90E2440A5C500803AB7 /* SearchViewController.swift in Sources */ = {isa = PBXBuildFile; fileRef = 3FD1F90D2440A5C500803AB7 /* SearchViewController.swift */; };
		3FD1F9132440A5C700803AB7 /* Assets.xcassets in Resources */ = {isa = PBXBuildFile; fileRef = 3FD1F9122440A5C700803AB7 /* Assets.xcassets */; };
		3FD1F9162440A5C700803AB7 /* LaunchScreen.storyboard in Resources */ = {isa = PBXBuildFile; fileRef = 3FD1F9142440A5C700803AB7 /* LaunchScreen.storyboard */; };
		3FD1F91F2440AA3F00803AB7 /* NSObjectProtocol+Extensions.swift in Sources */ = {isa = PBXBuildFile; fileRef = 3FD1F91E2440AA3F00803AB7 /* NSObjectProtocol+Extensions.swift */; };
		3FD1F9212440AC8000803AB7 /* SearchViewModel.swift in Sources */ = {isa = PBXBuildFile; fileRef = 3FD1F9202440AC8000803AB7 /* SearchViewModel.swift */; };
		3FD1F9232440AD2500803AB7 /* OMDBService.swift in Sources */ = {isa = PBXBuildFile; fileRef = 3FD1F9222440AD2500803AB7 /* OMDBService.swift */; };
		3FD1F9252440B6B200803AB7 /* Movie.swift in Sources */ = {isa = PBXBuildFile; fileRef = 3FD1F9242440B6B200803AB7 /* Movie.swift */; };
		3FE04B8A2493D9660041E6F9 /* SearchAssembly.swift in Sources */ = {isa = PBXBuildFile; fileRef = 3FE04B892493D9660041E6F9 /* SearchAssembly.swift */; };
		3FE04B8C2493DAED0041E6F9 /* UIViewController+Utils.swift in Sources */ = {isa = PBXBuildFile; fileRef = 3FE04B8B2493DAED0041E6F9 /* UIViewController+Utils.swift */; };
		3FE04B8E2493DB8F0041E6F9 /* UIView+Utils.swift in Sources */ = {isa = PBXBuildFile; fileRef = 3FE04B8D2493DB8F0041E6F9 /* UIView+Utils.swift */; };
		3FE04B902493E6990041E6F9 /* UITableViewCell+Utils.swift in Sources */ = {isa = PBXBuildFile; fileRef = 3FE04B8F2493E6990041E6F9 /* UITableViewCell+Utils.swift */; };
		3FE04B922494DAE90041E6F9 /* SearchResult.swift in Sources */ = {isa = PBXBuildFile; fileRef = 3FE04B912494DAE90041E6F9 /* SearchResult.swift */; };
		3FE04B952494E7B40041E6F9 /* BaseAssembly.swift in Sources */ = {isa = PBXBuildFile; fileRef = 3FE04B942494E7B40041E6F9 /* BaseAssembly.swift */; };
		3FE04B972494E8370041E6F9 /* ServiceFactory.swift in Sources */ = {isa = PBXBuildFile; fileRef = 3FE04B962494E8370041E6F9 /* ServiceFactory.swift */; };
		3FE04B992494EDDB0041E6F9 /* AppInitializationManager.swift in Sources */ = {isa = PBXBuildFile; fileRef = 3FE04B982494EDDB0041E6F9 /* AppInitializationManager.swift */; };
		3FE04B9B2494EE070041E6F9 /* AssemblyFactory.swift in Sources */ = {isa = PBXBuildFile; fileRef = 3FE04B9A2494EE070041E6F9 /* AssemblyFactory.swift */; };
		3FE04B9E2494F2970041E6F9 /* AppInitializationViewModel.swift in Sources */ = {isa = PBXBuildFile; fileRef = 3FE04B9D2494F2970041E6F9 /* AppInitializationViewModel.swift */; };
		3FE04BA02494F41D0041E6F9 /* AppInitializationViewController.swift in Sources */ = {isa = PBXBuildFile; fileRef = 3FE04B9F2494F41D0041E6F9 /* AppInitializationViewController.swift */; };
		3FE04BA224950A220041E6F9 /* MoviesSection.swift in Sources */ = {isa = PBXBuildFile; fileRef = 3FE04BA124950A220041E6F9 /* MoviesSection.swift */; };
		3FE04BA52495166B0041E6F9 /* BaseRouter.swift in Sources */ = {isa = PBXBuildFile; fileRef = 3FE04BA42495166B0041E6F9 /* BaseRouter.swift */; };
		3FE04BA924951D2A0041E6F9 /* Collection+Utils.swift in Sources */ = {isa = PBXBuildFile; fileRef = 3FE04BA824951D2A0041E6F9 /* Collection+Utils.swift */; };
		C6BB609BDA2FA98CF6DC6054 /* Pods_Rxlist.framework in Frameworks */ = {isa = PBXBuildFile; fileRef = B19B7183382BFBDE73B14A08 /* Pods_Rxlist.framework */; };
/* End PBXBuildFile section */

/* Begin PBXFileReference section */
		03F0DE277061CB7AD37C47C3 /* Pods-Rxlist.release.xcconfig */ = {isa = PBXFileReference; includeInIndex = 1; lastKnownFileType = text.xcconfig; name = "Pods-Rxlist.release.xcconfig"; path = "Target Support Files/Pods-Rxlist/Pods-Rxlist.release.xcconfig"; sourceTree = "<group>"; };
		3F1428D824939C4A0000202D /* ResultConvertible.swift */ = {isa = PBXFileReference; lastKnownFileType = sourcecode.swift; path = ResultConvertible.swift; sourceTree = "<group>"; };
		3F1428DA24939C750000202D /* Error+Asserts.swift */ = {isa = PBXFileReference; lastKnownFileType = sourcecode.swift; path = "Error+Asserts.swift"; sourceTree = "<group>"; };
		3F1428DC2493A02E0000202D /* APISerivce.swift */ = {isa = PBXFileReference; lastKnownFileType = sourcecode.swift; path = APISerivce.swift; sourceTree = "<group>"; };
		3F1428EB2493C59F0000202D /* Loadable.swift */ = {isa = PBXFileReference; lastKnownFileType = sourcecode.swift; path = Loadable.swift; sourceTree = "<group>"; };
		3F1428EE2493C5C70000202D /* ReadOnlyVariable.swift */ = {isa = PBXFileReference; lastKnownFileType = sourcecode.swift; path = ReadOnlyVariable.swift; sourceTree = "<group>"; };
		3F1428F12493D6040000202D /* MovieCell.swift */ = {isa = PBXFileReference; lastKnownFileType = sourcecode.swift; path = MovieCell.swift; sourceTree = "<group>"; };
		3F8F0E422440D21400F9E51D /* ObservableType+Extensions.swift */ = {isa = PBXFileReference; lastKnownFileType = sourcecode.swift; path = "ObservableType+Extensions.swift"; sourceTree = "<group>"; };
		3FD1F9062440A5C500803AB7 /* Rxlist.app */ = {isa = PBXFileReference; explicitFileType = wrapper.application; includeInIndex = 0; path = Rxlist.app; sourceTree = BUILT_PRODUCTS_DIR; };
		3FD1F9092440A5C500803AB7 /* AppDelegate.swift */ = {isa = PBXFileReference; lastKnownFileType = sourcecode.swift; path = AppDelegate.swift; sourceTree = "<group>"; };
		3FD1F90D2440A5C500803AB7 /* SearchViewController.swift */ = {isa = PBXFileReference; lastKnownFileType = sourcecode.swift; path = SearchViewController.swift; sourceTree = "<group>"; };
		3FD1F9122440A5C700803AB7 /* Assets.xcassets */ = {isa = PBXFileReference; lastKnownFileType = folder.assetcatalog; path = Assets.xcassets; sourceTree = "<group>"; };
		3FD1F9152440A5C700803AB7 /* Base */ = {isa = PBXFileReference; lastKnownFileType = file.storyboard; name = Base; path = Base.lproj/LaunchScreen.storyboard; sourceTree = "<group>"; };
		3FD1F9172440A5C700803AB7 /* Info.plist */ = {isa = PBXFileReference; lastKnownFileType = text.plist.xml; path = Info.plist; sourceTree = "<group>"; };
		3FD1F91E2440AA3F00803AB7 /* NSObjectProtocol+Extensions.swift */ = {isa = PBXFileReference; lastKnownFileType = sourcecode.swift; path = "NSObjectProtocol+Extensions.swift"; sourceTree = "<group>"; };
		3FD1F9202440AC8000803AB7 /* SearchViewModel.swift */ = {isa = PBXFileReference; lastKnownFileType = sourcecode.swift; path = SearchViewModel.swift; sourceTree = "<group>"; };
		3FD1F9222440AD2500803AB7 /* OMDBService.swift */ = {isa = PBXFileReference; lastKnownFileType = sourcecode.swift; path = OMDBService.swift; sourceTree = "<group>"; };
		3FD1F9242440B6B200803AB7 /* Movie.swift */ = {isa = PBXFileReference; lastKnownFileType = sourcecode.swift; path = Movie.swift; sourceTree = "<group>"; };
		3FE04B892493D9660041E6F9 /* SearchAssembly.swift */ = {isa = PBXFileReference; lastKnownFileType = sourcecode.swift; path = SearchAssembly.swift; sourceTree = "<group>"; };
		3FE04B8B2493DAED0041E6F9 /* UIViewController+Utils.swift */ = {isa = PBXFileReference; lastKnownFileType = sourcecode.swift; path = "UIViewController+Utils.swift"; sourceTree = "<group>"; };
		3FE04B8D2493DB8F0041E6F9 /* UIView+Utils.swift */ = {isa = PBXFileReference; lastKnownFileType = sourcecode.swift; path = "UIView+Utils.swift"; sourceTree = "<group>"; };
		3FE04B8F2493E6990041E6F9 /* UITableViewCell+Utils.swift */ = {isa = PBXFileReference; lastKnownFileType = sourcecode.swift; path = "UITableViewCell+Utils.swift"; sourceTree = "<group>"; };
		3FE04B912494DAE90041E6F9 /* SearchResult.swift */ = {isa = PBXFileReference; lastKnownFileType = sourcecode.swift; path = SearchResult.swift; sourceTree = "<group>"; };
		3FE04B942494E7B40041E6F9 /* BaseAssembly.swift */ = {isa = PBXFileReference; lastKnownFileType = sourcecode.swift; path = BaseAssembly.swift; sourceTree = "<group>"; };
		3FE04B962494E8370041E6F9 /* ServiceFactory.swift */ = {isa = PBXFileReference; lastKnownFileType = sourcecode.swift; path = ServiceFactory.swift; sourceTree = "<group>"; };
		3FE04B982494EDDB0041E6F9 /* AppInitializationManager.swift */ = {isa = PBXFileReference; lastKnownFileType = sourcecode.swift; path = AppInitializationManager.swift; sourceTree = "<group>"; };
		3FE04B9A2494EE070041E6F9 /* AssemblyFactory.swift */ = {isa = PBXFileReference; lastKnownFileType = sourcecode.swift; path = AssemblyFactory.swift; sourceTree = "<group>"; };
		3FE04B9D2494F2970041E6F9 /* AppInitializationViewModel.swift */ = {isa = PBXFileReference; lastKnownFileType = sourcecode.swift; path = AppInitializationViewModel.swift; sourceTree = "<group>"; };
		3FE04B9F2494F41D0041E6F9 /* AppInitializationViewController.swift */ = {isa = PBXFileReference; lastKnownFileType = sourcecode.swift; path = AppInitializationViewController.swift; sourceTree = "<group>"; };
		3FE04BA124950A220041E6F9 /* MoviesSection.swift */ = {isa = PBXFileReference; lastKnownFileType = sourcecode.swift; path = MoviesSection.swift; sourceTree = "<group>"; };
		3FE04BA42495166B0041E6F9 /* BaseRouter.swift */ = {isa = PBXFileReference; lastKnownFileType = sourcecode.swift; path = BaseRouter.swift; sourceTree = "<group>"; };
		3FE04BA824951D2A0041E6F9 /* Collection+Utils.swift */ = {isa = PBXFileReference; lastKnownFileType = sourcecode.swift; path = "Collection+Utils.swift"; sourceTree = "<group>"; };
		6FDA8335EC6FDEDC5B2E46B2 /* Pods-Rxlist.debug.xcconfig */ = {isa = PBXFileReference; includeInIndex = 1; lastKnownFileType = text.xcconfig; name = "Pods-Rxlist.debug.xcconfig"; path = "Target Support Files/Pods-Rxlist/Pods-Rxlist.debug.xcconfig"; sourceTree = "<group>"; };
		B19B7183382BFBDE73B14A08 /* Pods_Rxlist.framework */ = {isa = PBXFileReference; explicitFileType = wrapper.framework; includeInIndex = 0; path = Pods_Rxlist.framework; sourceTree = BUILT_PRODUCTS_DIR; };
/* End PBXFileReference section */

/* Begin PBXFrameworksBuildPhase section */
		3FD1F9032440A5C500803AB7 /* Frameworks */ = {
			isa = PBXFrameworksBuildPhase;
			buildActionMask = 2147483647;
			files = (
				C6BB609BDA2FA98CF6DC6054 /* Pods_Rxlist.framework in Frameworks */,
			);
			runOnlyForDeploymentPostprocessing = 0;
		};
/* End PBXFrameworksBuildPhase section */

/* Begin PBXGroup section */
		3F1428D724939C3B0000202D /* Utils */ = {
			isa = PBXGroup;
			children = (
				3F1428ED2493C5AF0000202D /* Rx */,
				3F1428EA2493C58D0000202D /* Loader */,
				3F1428D824939C4A0000202D /* ResultConvertible.swift */,
				3F1428DA24939C750000202D /* Error+Asserts.swift */,
			);
			path = Utils;
			sourceTree = "<group>";
		};
		3F1428E22493BBC60000202D /* UI */ = {
			isa = PBXGroup;
			children = (
				3FE04B9C2494F2840041E6F9 /* AppLoading */,
				3FE04B932494E79D0041E6F9 /* Assembly */,
				3F1428E32493BBCA0000202D /* Search */,
			);
			path = UI;
			sourceTree = "<group>";
		};
		3F1428E32493BBCA0000202D /* Search */ = {
			isa = PBXGroup;
			children = (
				3F1428F02493D5F20000202D /* Cells */,
				3FD1F90D2440A5C500803AB7 /* SearchViewController.swift */,
				3FD1F9202440AC8000803AB7 /* SearchViewModel.swift */,
				3FE04B892493D9660041E6F9 /* SearchAssembly.swift */,
			);
			path = Search;
			sourceTree = "<group>";
		};
		3F1428E42493BBF40000202D /* Services */ = {
			isa = PBXGroup;
			children = (
				3FD1F9222440AD2500803AB7 /* OMDBService.swift */,
				3F1428DC2493A02E0000202D /* APISerivce.swift */,
				3FE04B962494E8370041E6F9 /* ServiceFactory.swift */,
				3FE04B982494EDDB0041E6F9 /* AppInitializationManager.swift */,
			);
			path = Services;
			sourceTree = "<group>";
		};
		3F1428E52493BC080000202D /* Supporting Files */ = {
			isa = PBXGroup;
			children = (
				3FD1F9122440A5C700803AB7 /* Assets.xcassets */,
				3FD1F9142440A5C700803AB7 /* LaunchScreen.storyboard */,
				3FD1F9172440A5C700803AB7 /* Info.plist */,
			);
			path = "Supporting Files";
			sourceTree = "<group>";
		};
		3F1428E62493BC1A0000202D /* Model */ = {
			isa = PBXGroup;
			children = (
				3FD1F9242440B6B200803AB7 /* Movie.swift */,
				3FE04B912494DAE90041E6F9 /* SearchResult.swift */,
				3FE04BA124950A220041E6F9 /* MoviesSection.swift */,
			);
			path = Model;
			sourceTree = "<group>";
		};
		3F1428EA2493C58D0000202D /* Loader */ = {
			isa = PBXGroup;
			children = (
				3F1428EB2493C59F0000202D /* Loadable.swift */,
			);
			path = Loader;
			sourceTree = "<group>";
		};
		3F1428ED2493C5AF0000202D /* Rx */ = {
			isa = PBXGroup;
			children = (
				3F1428EE2493C5C70000202D /* ReadOnlyVariable.swift */,
			);
			path = Rx;
			sourceTree = "<group>";
		};
		3F1428F02493D5F20000202D /* Cells */ = {
			isa = PBXGroup;
			children = (
				3F1428F12493D6040000202D /* MovieCell.swift */,
			);
			path = Cells;
			sourceTree = "<group>";
		};
		3FD1F8FD2440A5C500803AB7 = {
			isa = PBXGroup;
			children = (
				3FD1F9082440A5C500803AB7 /* Rxlist */,
				3FD1F9072440A5C500803AB7 /* Products */,
				9898F60C294D0D717D81644B /* Pods */,
				4D05EE045C647CB9A0A5A2F4 /* Frameworks */,
			);
			sourceTree = "<group>";
		};
		3FD1F9072440A5C500803AB7 /* Products */ = {
			isa = PBXGroup;
			children = (
				3FD1F9062440A5C500803AB7 /* Rxlist.app */,
			);
			name = Products;
			sourceTree = "<group>";
		};
		3FD1F9082440A5C500803AB7 /* Rxlist */ = {
			isa = PBXGroup;
			children = (
				3F1428E62493BC1A0000202D /* Model */,
				3F1428E52493BC080000202D /* Supporting Files */,
				3F1428E42493BBF40000202D /* Services */,
				3F1428E22493BBC60000202D /* UI */,
				3F1428D724939C3B0000202D /* Utils */,
				3FD1F91D2440AA2900803AB7 /* Extensions */,
				3FD1F9092440A5C500803AB7 /* AppDelegate.swift */,
			);
			path = Rxlist;
			sourceTree = "<group>";
		};
		3FD1F91D2440AA2900803AB7 /* Extensions */ = {
			isa = PBXGroup;
			children = (
				3FD1F91E2440AA3F00803AB7 /* NSObjectProtocol+Extensions.swift */,
				3F8F0E422440D21400F9E51D /* ObservableType+Extensions.swift */,
				3FE04B8B2493DAED0041E6F9 /* UIViewController+Utils.swift */,
				3FE04B8D2493DB8F0041E6F9 /* UIView+Utils.swift */,
				3FE04B8F2493E6990041E6F9 /* UITableViewCell+Utils.swift */,
				3FE04BA824951D2A0041E6F9 /* Collection+Utils.swift */,
			);
			path = Extensions;
			sourceTree = "<group>";
		};
		3FE04B932494E79D0041E6F9 /* Assembly */ = {
			isa = PBXGroup;
			children = (
				3FE04B942494E7B40041E6F9 /* BaseAssembly.swift */,
				3FE04B9A2494EE070041E6F9 /* AssemblyFactory.swift */,
			);
			path = Assembly;
			sourceTree = "<group>";
		};
		3FE04B9C2494F2840041E6F9 /* AppLoading */ = {
			isa = PBXGroup;
			children = (
				3FE04B9D2494F2970041E6F9 /* AppInitializationViewModel.swift */,
				3FE04B9F2494F41D0041E6F9 /* AppInitializationViewController.swift */,
			);
			path = AppLoading;
			sourceTree = "<group>";
		};
		3FE04BA3249516510041E6F9 /* Router */ = {
			isa = PBXGroup;
			children = (
				3FE04BA42495166B0041E6F9 /* BaseRouter.swift */,
			);
			path = Router;
			sourceTree = "<group>";
		};
		4D05EE045C647CB9A0A5A2F4 /* Frameworks */ = {
			isa = PBXGroup;
			children = (
				B19B7183382BFBDE73B14A08 /* Pods_Rxlist.framework */,
			);
			name = Frameworks;
			sourceTree = "<group>";
		};
		9898F60C294D0D717D81644B /* Pods */ = {
			isa = PBXGroup;
			children = (
				6FDA8335EC6FDEDC5B2E46B2 /* Pods-Rxlist.debug.xcconfig */,
				03F0DE277061CB7AD37C47C3 /* Pods-Rxlist.release.xcconfig */,
			);
			path = Pods;
			sourceTree = "<group>";
		};
/* End PBXGroup section */

/* Begin PBXNativeTarget section */
		3FD1F9052440A5C500803AB7 /* Rxlist */ = {
			isa = PBXNativeTarget;
			buildConfigurationList = 3FD1F91A2440A5C700803AB7 /* Build configuration list for PBXNativeTarget "Rxlist" */;
			buildPhases = (
				4DC3BBBC8F5C00347911F372 /* [CP] Check Pods Manifest.lock */,
				3FD1F9022440A5C500803AB7 /* Sources */,
				3FD1F9032440A5C500803AB7 /* Frameworks */,
				3FD1F9042440A5C500803AB7 /* Resources */,
				F8164E93697AAE6B1D6DB205 /* [CP] Embed Pods Frameworks */,
			);
			buildRules = (
			);
			dependencies = (
			);
			name = Rxlist;
			productName = Rxlist;
			productReference = 3FD1F9062440A5C500803AB7 /* Rxlist.app */;
			productType = "com.apple.product-type.application";
		};
/* End PBXNativeTarget section */

/* Begin PBXProject section */
		3FD1F8FE2440A5C500803AB7 /* Project object */ = {
			isa = PBXProject;
			attributes = {
				LastSwiftUpdateCheck = 1130;
				LastUpgradeCheck = 1130;
				ORGANIZATIONNAME = example;
				TargetAttributes = {
					3FD1F9052440A5C500803AB7 = {
						CreatedOnToolsVersion = 11.3;
					};
				};
			};
			buildConfigurationList = 3FD1F9012440A5C500803AB7 /* Build configuration list for PBXProject "Rxlist" */;
			compatibilityVersion = "Xcode 9.3";
			developmentRegion = en;
			hasScannedForEncodings = 0;
			knownRegions = (
				en,
				Base,
			);
			mainGroup = 3FD1F8FD2440A5C500803AB7;
			productRefGroup = 3FD1F9072440A5C500803AB7 /* Products */;
			projectDirPath = "";
			projectRoot = "";
			targets = (
				3FD1F9052440A5C500803AB7 /* Rxlist */,
			);
		};
/* End PBXProject section */

/* Begin PBXResourcesBuildPhase section */
		3FD1F9042440A5C500803AB7 /* Resources */ = {
			isa = PBXResourcesBuildPhase;
			buildActionMask = 2147483647;
			files = (
				3FD1F9162440A5C700803AB7 /* LaunchScreen.storyboard in Resources */,
				3FD1F9132440A5C700803AB7 /* Assets.xcassets in Resources */,
			);
			runOnlyForDeploymentPostprocessing = 0;
		};
/* End PBXResourcesBuildPhase section */

/* Begin PBXShellScriptBuildPhase section */
		4DC3BBBC8F5C00347911F372 /* [CP] Check Pods Manifest.lock */ = {
			isa = PBXShellScriptBuildPhase;
			buildActionMask = 2147483647;
			files = (
			);
			inputFileListPaths = (
			);
			inputPaths = (
				"${PODS_PODFILE_DIR_PATH}/Podfile.lock",
				"${PODS_ROOT}/Manifest.lock",
			);
			name = "[CP] Check Pods Manifest.lock";
			outputFileListPaths = (
			);
			outputPaths = (
				"$(DERIVED_FILE_DIR)/Pods-Rxlist-checkManifestLockResult.txt",
			);
			runOnlyForDeploymentPostprocessing = 0;
			shellPath = /bin/sh;
			shellScript = "diff \"${PODS_PODFILE_DIR_PATH}/Podfile.lock\" \"${PODS_ROOT}/Manifest.lock\" > /dev/null\nif [ $? != 0 ] ; then\n    # print error to STDERR\n    echo \"error: The sandbox is not in sync with the Podfile.lock. Run 'pod install' or update your CocoaPods installation.\" >&2\n    exit 1\nfi\n# This output is used by Xcode 'outputs' to avoid re-running this script phase.\necho \"SUCCESS\" > \"${SCRIPT_OUTPUT_FILE_0}\"\n";
			showEnvVarsInLog = 0;
		};
		F8164E93697AAE6B1D6DB205 /* [CP] Embed Pods Frameworks */ = {
			isa = PBXShellScriptBuildPhase;
			buildActionMask = 2147483647;
			files = (
			);
			inputFileListPaths = (
				"${PODS_ROOT}/Target Support Files/Pods-Rxlist/Pods-Rxlist-frameworks-${CONFIGURATION}-input-files.xcfilelist",
			);
			name = "[CP] Embed Pods Frameworks";
			outputFileListPaths = (
				"${PODS_ROOT}/Target Support Files/Pods-Rxlist/Pods-Rxlist-frameworks-${CONFIGURATION}-output-files.xcfilelist",
			);
			runOnlyForDeploymentPostprocessing = 0;
			shellPath = /bin/sh;
			shellScript = "\"${PODS_ROOT}/Target Support Files/Pods-Rxlist/Pods-Rxlist-frameworks.sh\"\n";
			showEnvVarsInLog = 0;
		};
/* End PBXShellScriptBuildPhase section */

/* Begin PBXSourcesBuildPhase section */
		3FD1F9022440A5C500803AB7 /* Sources */ = {
			isa = PBXSourcesBuildPhase;
			buildActionMask = 2147483647;
			files = (
				3FE04B972494E8370041E6F9 /* ServiceFactory.swift in Sources */,
				3F1428F22493D6040000202D /* MovieCell.swift in Sources */,
				3F1428DB24939C750000202D /* Error+Asserts.swift in Sources */,
				3FE04B8E2493DB8F0041E6F9 /* UIView+Utils.swift in Sources */,
				3F1428EF2493C5C70000202D /* ReadOnlyVariable.swift in Sources */,
				3F1428D924939C4A0000202D /* ResultConvertible.swift in Sources */,
				3FE04B992494EDDB0041E6F9 /* AppInitializationManager.swift in Sources */,
				3FE04BA52495166B0041E6F9 /* BaseRouter.swift in Sources */,
				3F1428DD2493A02E0000202D /* APISerivce.swift in Sources */,
				3FE04BA02494F41D0041E6F9 /* AppInitializationViewController.swift in Sources */,
				3FD1F9212440AC8000803AB7 /* SearchViewModel.swift in Sources */,
				3FE04B9E2494F2970041E6F9 /* AppInitializationViewModel.swift in Sources */,
				3FE04BA924951D2A0041E6F9 /* Collection+Utils.swift in Sources */,
				3FD1F9232440AD2500803AB7 /* OMDBService.swift in Sources */,
				3FE04B9B2494EE070041E6F9 /* AssemblyFactory.swift in Sources */,
				3FE04B952494E7B40041E6F9 /* BaseAssembly.swift in Sources */,
				3FD1F9252440B6B200803AB7 /* Movie.swift in Sources */,
				3F8F0E432440D21400F9E51D /* ObservableType+Extensions.swift in Sources */,
				3FE04B922494DAE90041E6F9 /* SearchResult.swift in Sources */,
				3FD1F90E2440A5C500803AB7 /* SearchViewController.swift in Sources */,
				3FE04B902493E6990041E6F9 /* UITableViewCell+Utils.swift in Sources */,
				3F1428EC2493C59F0000202D /* Loadable.swift in Sources */,
				3FE04B8A2493D9660041E6F9 /* SearchAssembly.swift in Sources */,
				3FE04BA224950A220041E6F9 /* MoviesSection.swift in Sources */,
				3FD1F90A2440A5C500803AB7 /* AppDelegate.swift in Sources */,
				3FD1F91F2440AA3F00803AB7 /* NSObjectProtocol+Extensions.swift in Sources */,
				3FE04B8C2493DAED0041E6F9 /* UIViewController+Utils.swift in Sources */,
			);
			runOnlyForDeploymentPostprocessing = 0;
		};
/* End PBXSourcesBuildPhase section */

/* Begin PBXVariantGroup section */
		3FD1F9142440A5C700803AB7 /* LaunchScreen.storyboard */ = {
			isa = PBXVariantGroup;
			children = (
				3FD1F9152440A5C700803AB7 /* Base */,
			);
			name = LaunchScreen.storyboard;
			sourceTree = "<group>";
		};
/* End PBXVariantGroup section */

/* Begin XCBuildConfiguration section */
		3FD1F9182440A5C700803AB7 /* Debug */ = {
			isa = XCBuildConfiguration;
			buildSettings = {
				ALWAYS_SEARCH_USER_PATHS = NO;
				CLANG_ANALYZER_NONNULL = YES;
				CLANG_ANALYZER_NUMBER_OBJECT_CONVERSION = YES_AGGRESSIVE;
				CLANG_CXX_LANGUAGE_STANDARD = "gnu++14";
				CLANG_CXX_LIBRARY = "libc++";
				CLANG_ENABLE_MODULES = YES;
				CLANG_ENABLE_OBJC_ARC = YES;
				CLANG_ENABLE_OBJC_WEAK = YES;
				CLANG_WARN_BLOCK_CAPTURE_AUTORELEASING = YES;
				CLANG_WARN_BOOL_CONVERSION = YES;
				CLANG_WARN_COMMA = YES;
				CLANG_WARN_CONSTANT_CONVERSION = YES;
				CLANG_WARN_DEPRECATED_OBJC_IMPLEMENTATIONS = YES;
				CLANG_WARN_DIRECT_OBJC_ISA_USAGE = YES_ERROR;
				CLANG_WARN_DOCUMENTATION_COMMENTS = YES;
				CLANG_WARN_EMPTY_BODY = YES;
				CLANG_WARN_ENUM_CONVERSION = YES;
				CLANG_WARN_INFINITE_RECURSION = YES;
				CLANG_WARN_INT_CONVERSION = YES;
				CLANG_WARN_NON_LITERAL_NULL_CONVERSION = YES;
				CLANG_WARN_OBJC_IMPLICIT_RETAIN_SELF = YES;
				CLANG_WARN_OBJC_LITERAL_CONVERSION = YES;
				CLANG_WARN_OBJC_ROOT_CLASS = YES_ERROR;
				CLANG_WARN_RANGE_LOOP_ANALYSIS = YES;
				CLANG_WARN_STRICT_PROTOTYPES = YES;
				CLANG_WARN_SUSPICIOUS_MOVE = YES;
				CLANG_WARN_UNGUARDED_AVAILABILITY = YES_AGGRESSIVE;
				CLANG_WARN_UNREACHABLE_CODE = YES;
				CLANG_WARN__DUPLICATE_METHOD_MATCH = YES;
				COPY_PHASE_STRIP = NO;
				DEBUG_INFORMATION_FORMAT = dwarf;
				ENABLE_STRICT_OBJC_MSGSEND = YES;
				ENABLE_TESTABILITY = YES;
				GCC_C_LANGUAGE_STANDARD = gnu11;
				GCC_DYNAMIC_NO_PIC = NO;
				GCC_NO_COMMON_BLOCKS = YES;
				GCC_OPTIMIZATION_LEVEL = 0;
				GCC_PREPROCESSOR_DEFINITIONS = (
					"DEBUG=1",
					"$(inherited)",
				);
				GCC_WARN_64_TO_32_BIT_CONVERSION = YES;
				GCC_WARN_ABOUT_RETURN_TYPE = YES_ERROR;
				GCC_WARN_UNDECLARED_SELECTOR = YES;
				GCC_WARN_UNINITIALIZED_AUTOS = YES_AGGRESSIVE;
				GCC_WARN_UNUSED_FUNCTION = YES;
				GCC_WARN_UNUSED_VARIABLE = YES;
				IPHONEOS_DEPLOYMENT_TARGET = 13.2;
				MTL_ENABLE_DEBUG_INFO = INCLUDE_SOURCE;
				MTL_FAST_MATH = YES;
				ONLY_ACTIVE_ARCH = YES;
				SDKROOT = iphoneos;
				SWIFT_ACTIVE_COMPILATION_CONDITIONS = DEBUG;
				SWIFT_OPTIMIZATION_LEVEL = "-Onone";
			};
			name = Debug;
		};
		3FD1F9192440A5C700803AB7 /* Release */ = {
			isa = XCBuildConfiguration;
			buildSettings = {
				ALWAYS_SEARCH_USER_PATHS = NO;
				CLANG_ANALYZER_NONNULL = YES;
				CLANG_ANALYZER_NUMBER_OBJECT_CONVERSION = YES_AGGRESSIVE;
				CLANG_CXX_LANGUAGE_STANDARD = "gnu++14";
				CLANG_CXX_LIBRARY = "libc++";
				CLANG_ENABLE_MODULES = YES;
				CLANG_ENABLE_OBJC_ARC = YES;
				CLANG_ENABLE_OBJC_WEAK = YES;
				CLANG_WARN_BLOCK_CAPTURE_AUTORELEASING = YES;
				CLANG_WARN_BOOL_CONVERSION = YES;
				CLANG_WARN_COMMA = YES;
				CLANG_WARN_CONSTANT_CONVERSION = YES;
				CLANG_WARN_DEPRECATED_OBJC_IMPLEMENTATIONS = YES;
				CLANG_WARN_DIRECT_OBJC_ISA_USAGE = YES_ERROR;
				CLANG_WARN_DOCUMENTATION_COMMENTS = YES;
				CLANG_WARN_EMPTY_BODY = YES;
				CLANG_WARN_ENUM_CONVERSION = YES;
				CLANG_WARN_INFINITE_RECURSION = YES;
				CLANG_WARN_INT_CONVERSION = YES;
				CLANG_WARN_NON_LITERAL_NULL_CONVERSION = YES;
				CLANG_WARN_OBJC_IMPLICIT_RETAIN_SELF = YES;
				CLANG_WARN_OBJC_LITERAL_CONVERSION = YES;
				CLANG_WARN_OBJC_ROOT_CLASS = YES_ERROR;
				CLANG_WARN_RANGE_LOOP_ANALYSIS = YES;
				CLANG_WARN_STRICT_PROTOTYPES = YES;
				CLANG_WARN_SUSPICIOUS_MOVE = YES;
				CLANG_WARN_UNGUARDED_AVAILABILITY = YES_AGGRESSIVE;
				CLANG_WARN_UNREACHABLE_CODE = YES;
				CLANG_WARN__DUPLICATE_METHOD_MATCH = YES;
				COPY_PHASE_STRIP = NO;
				DEBUG_INFORMATION_FORMAT = "dwarf-with-dsym";
				ENABLE_NS_ASSERTIONS = NO;
				ENABLE_STRICT_OBJC_MSGSEND = YES;
				GCC_C_LANGUAGE_STANDARD = gnu11;
				GCC_NO_COMMON_BLOCKS = YES;
				GCC_WARN_64_TO_32_BIT_CONVERSION = YES;
				GCC_WARN_ABOUT_RETURN_TYPE = YES_ERROR;
				GCC_WARN_UNDECLARED_SELECTOR = YES;
				GCC_WARN_UNINITIALIZED_AUTOS = YES_AGGRESSIVE;
				GCC_WARN_UNUSED_FUNCTION = YES;
				GCC_WARN_UNUSED_VARIABLE = YES;
				IPHONEOS_DEPLOYMENT_TARGET = 13.2;
				MTL_ENABLE_DEBUG_INFO = NO;
				MTL_FAST_MATH = YES;
				SDKROOT = iphoneos;
				SWIFT_COMPILATION_MODE = wholemodule;
				SWIFT_OPTIMIZATION_LEVEL = "-O";
				VALIDATE_PRODUCT = YES;
			};
			name = Release;
		};
		3FD1F91B2440A5C700803AB7 /* Debug */ = {
			isa = XCBuildConfiguration;
			baseConfigurationReference = 6FDA8335EC6FDEDC5B2E46B2 /* Pods-Rxlist.debug.xcconfig */;
			buildSettings = {
				ASSETCATALOG_COMPILER_APPICON_NAME = AppIcon;
				CODE_SIGN_STYLE = Automatic;
				DEVELOPMENT_TEAM = W473TKUVX4;
				INFOPLIST_FILE = "Rxlist/Supporting Files/Info.plist";
				IPHONEOS_DEPLOYMENT_TARGET = 12.0;
				LD_RUNPATH_SEARCH_PATHS = (
					"$(inherited)",
					"@executable_path/Frameworks",
				);
				PRODUCT_BUNDLE_IDENTIFIER = com.example.Rxlist;
				PRODUCT_NAME = "$(TARGET_NAME)";
				SWIFT_VERSION = 5.0;
				TARGETED_DEVICE_FAMILY = 1;
			};
			name = Debug;
		};
		3FD1F91C2440A5C700803AB7 /* Release */ = {
			isa = XCBuildConfiguration;
			baseConfigurationReference = 03F0DE277061CB7AD37C47C3 /* Pods-Rxlist.release.xcconfig */;
			buildSettings = {
				ASSETCATALOG_COMPILER_APPICON_NAME = AppIcon;
				CODE_SIGN_STYLE = Automatic;
				DEVELOPMENT_TEAM = W473TKUVX4;
				INFOPLIST_FILE = "Rxlist/Supporting Files/Info.plist";
				IPHONEOS_DEPLOYMENT_TARGET = 12.0;
				LD_RUNPATH_SEARCH_PATHS = (
					"$(inherited)",
					"@executable_path/Frameworks",
				);
				PRODUCT_BUNDLE_IDENTIFIER = com.example.Rxlist;
				PRODUCT_NAME = "$(TARGET_NAME)";
				SWIFT_VERSION = 5.0;
				TARGETED_DEVICE_FAMILY = 1;
			};
			name = Release;
		};
/* End XCBuildConfiguration section */

/* Begin XCConfigurationList section */
		3FD1F9012440A5C500803AB7 /* Build configuration list for PBXProject "Rxlist" */ = {
			isa = XCConfigurationList;
			buildConfigurations = (
				3FD1F9182440A5C700803AB7 /* Debug */,
				3FD1F9192440A5C700803AB7 /* Release */,
			);
			defaultConfigurationIsVisible = 0;
			defaultConfigurationName = Release;
		};
		3FD1F91A2440A5C700803AB7 /* Build configuration list for PBXNativeTarget "Rxlist" */ = {
			isa = XCConfigurationList;
			buildConfigurations = (
				3FD1F91B2440A5C700803AB7 /* Debug */,
				3FD1F91C2440A5C700803AB7 /* Release */,
			);
			defaultConfigurationIsVisible = 0;
			defaultConfigurationName = Release;
		};
/* End XCConfigurationList section */
	};
	rootObject = 3FD1F8FE2440A5C500803AB7 /* Project object */;
}
